
Microsoft Visual Studio Solution File, Format Version 12.00
# Visual Studio 15
VisualStudioVersion = 15.0.28307.1000
MinimumVisualStudioVersion = 10.0.40219.1
Project("{FAE04EC0-301F-11D3-BF4B-00C04F79EFBC}") = "BreakFX", "BreakFX\BreakFX.csproj", "{DD2BB758-F382-492B-8F3D-420761C9E215}"
EndProject
Global
	GlobalSection(SolutionConfigurationPlatforms) = preSolution
		Debug|Any CPU = Debug|Any CPU
		Release|Any CPU = Release|Any CPU
	EndGlobalSection
	GlobalSection(ProjectConfigurationPlatforms) = postSolution
		{DD2BB758-F382-492B-8F3D-420761C9E215}.Debug|Any CPU.ActiveCfg = Debug|Any CPU
		{DD2BB758-F382-492B-8F3D-420761C9E215}.Debug|Any CPU.Build.0 = Debug|Any CPU
		{DD2BB758-F382-492B-8F3D-420761C9E215}.Release|Any CPU.ActiveCfg = Release|Any CPU
		{DD2BB758-F382-492B-8F3D-420761C9E215}.Release|Any CPU.Build.0 = Release|Any CPU
	EndGlobalSection
	GlobalSection(SolutionProperties) = preSolution
		HideSolutionNode = FALSE
	EndGlobalSection
	GlobalSection(ExtensibilityGlobals) = postSolution
		SolutionGuid = {4D8765B5-90C8-47DB-8D62-FA695C4423E0}
	EndGlobalSection
EndGlobal
